
Microsoft Visual Studio Solution File, Format Version 12.00
# Visual Studio 15
VisualStudioVersion = 15.0.26124.0
MinimumVisualStudioVersion = 15.0.26124.0
Project("{2150E333-8FDC-42A3-9474-1A3956D46DE8}") = "src", "src", "{45A514C2-3679-479E-A91B-541F41E650E9}"
EndProject
Project("{FAE04EC0-301F-11D3-BF4B-00C04F79EFBC}") = "FizzBuzz", "src\FizzBuzz\FizzBuzz.csproj", "{26EB0EC0-DF0C-4E47-93BC-9CE867E8303C}"
EndProject
Project("{2150E333-8FDC-42A3-9474-1A3956D46DE8}") = "test", "test", "{88C2E51C-1B9B-4783-AB51-A681EF6A2453}"
EndProject
Project("{FAE04EC0-301F-11D3-BF4B-00C04F79EFBC}") = "FizzBuzz.Tests", "test\FizzBuzz.Tests\FizzBuzz.Tests.csproj", "{B590B99A-B3DF-4F22-B9F9-1B5512E72998}"
EndProject
Global
	GlobalSection(SolutionConfigurationPlatforms) = preSolution
		Debug|Any CPU = Debug|Any CPU
		Debug|x64 = Debug|x64
		Debug|x86 = Debug|x86
		Release|Any CPU = Release|Any CPU
		Release|x64 = Release|x64
		Release|x86 = Release|x86
	EndGlobalSection
	GlobalSection(SolutionProperties) = preSolution
		HideSolutionNode = FALSE
	EndGlobalSection
	GlobalSection(ProjectConfigurationPlatforms) = postSolution
		{26EB0EC0-DF0C-4E47-93BC-9CE867E8303C}.Debug|Any CPU.ActiveCfg = Debug|Any CPU
		{26EB0EC0-DF0C-4E47-93BC-9CE867E8303C}.Debug|Any CPU.Build.0 = Debug|Any CPU
		{26EB0EC0-DF0C-4E47-93BC-9CE867E8303C}.Debug|x64.ActiveCfg = Debug|Any CPU
		{26EB0EC0-DF0C-4E47-93BC-9CE867E8303C}.Debug|x64.Build.0 = Debug|Any CPU
		{26EB0EC0-DF0C-4E47-93BC-9CE867E8303C}.Debug|x86.ActiveCfg = Debug|Any CPU
		{26EB0EC0-DF0C-4E47-93BC-9CE867E8303C}.Debug|x86.Build.0 = Debug|Any CPU
		{26EB0EC0-DF0C-4E47-93BC-9CE867E8303C}.Release|Any CPU.ActiveCfg = Release|Any CPU
		{26EB0EC0-DF0C-4E47-93BC-9CE867E8303C}.Release|Any CPU.Build.0 = Release|Any CPU
		{26EB0EC0-DF0C-4E47-93BC-9CE867E8303C}.Release|x64.ActiveCfg = Release|Any CPU
		{26EB0EC0-DF0C-4E47-93BC-9CE867E8303C}.Release|x64.Build.0 = Release|Any CPU
		{26EB0EC0-DF0C-4E47-93BC-9CE867E8303C}.Release|x86.ActiveCfg = Release|Any CPU
		{26EB0EC0-DF0C-4E47-93BC-9CE867E8303C}.Release|x86.Build.0 = Release|Any CPU
		{B590B99A-B3DF-4F22-B9F9-1B5512E72998}.Debug|Any CPU.ActiveCfg = Debug|Any CPU
		{B590B99A-B3DF-4F22-B9F9-1B5512E72998}.Debug|Any CPU.Build.0 = Debug|Any CPU
		{B590B99A-B3DF-4F22-B9F9-1B5512E72998}.Debug|x64.ActiveCfg = Debug|Any CPU
		{B590B99A-B3DF-4F22-B9F9-1B5512E72998}.Debug|x64.Build.0 = Debug|Any CPU
		{B590B99A-B3DF-4F22-B9F9-1B5512E72998}.Debug|x86.ActiveCfg = Debug|Any CPU
		{B590B99A-B3DF-4F22-B9F9-1B5512E72998}.Debug|x86.Build.0 = Debug|Any CPU
		{B590B99A-B3DF-4F22-B9F9-1B5512E72998}.Release|Any CPU.ActiveCfg = Release|Any CPU
		{B590B99A-B3DF-4F22-B9F9-1B5512E72998}.Release|Any CPU.Build.0 = Release|Any CPU
		{B590B99A-B3DF-4F22-B9F9-1B5512E72998}.Release|x64.ActiveCfg = Release|Any CPU
		{B590B99A-B3DF-4F22-B9F9-1B5512E72998}.Release|x64.Build.0 = Release|Any CPU
		{B590B99A-B3DF-4F22-B9F9-1B5512E72998}.Release|x86.ActiveCfg = Release|Any CPU
		{B590B99A-B3DF-4F22-B9F9-1B5512E72998}.Release|x86.Build.0 = Release|Any CPU
	EndGlobalSection
	GlobalSection(NestedProjects) = preSolution
		{26EB0EC0-DF0C-4E47-93BC-9CE867E8303C} = {45A514C2-3679-479E-A91B-541F41E650E9}
		{B590B99A-B3DF-4F22-B9F9-1B5512E72998} = {88C2E51C-1B9B-4783-AB51-A681EF6A2453}
	EndGlobalSection
EndGlobal
